{
	"name": "@wpackio/scripts",
	"version": "6.0.0",
	"lockfileVersion": 1,
	"requires": true,
	"dependencies": {
		"@babel/generator": {
			"version": "7.13.16",
			"resolved": "https://registry.npmjs.org/@babel/generator/-/generator-7.13.16.tgz",
			"integrity": "sha512-grBBR75UnKOcUWMp8WoDxNsWCFl//XCK6HWTrBQKTr5SV9f5g0pNOjdyzi/DTBv12S9GnYPInIXQBTky7OXEMg==",
			"dev": true,
			"requires": {
				"@babel/types": "^7.13.16",
				"jsesc": "^2.5.1",
				"source-map": "^0.5.0"
			}
		},
		"@babel/helper-create-class-features-plugin": {
			"version": "7.13.11",
			"resolved": "https://registry.npmjs.org/@babel/helper-create-class-features-plugin/-/helper-create-class-features-plugin-7.13.11.tgz",
			"integrity": "sha512-ays0I7XYq9xbjCSvT+EvysLgfc3tOkwCULHjrnscGT3A9qD4sk3wXnJ3of0MAWsWGjdinFvajHU2smYuqXKMrw==",
			"dev": true,
			"requires": {
				"@babel/helper-function-name": "^7.12.13",
				"@babel/helper-member-expression-to-functions": "^7.13.0",
				"@babel/helper-optimise-call-expression": "^7.12.13",
				"@babel/helper-replace-supers": "^7.13.0",
				"@babel/helper-split-export-declaration": "^7.12.13"
			}
		},
		"@babel/helper-function-name": {
			"version": "7.12.13",
			"resolved": "https://registry.npmjs.org/@babel/helper-function-name/-/helper-function-name-7.12.13.tgz",
			"integrity": "sha512-TZvmPn0UOqmvi5G4vvw0qZTpVptGkB1GL61R6lKvrSdIxGm5Pky7Q3fpKiIkQCAtRCBUwB0PaThlx9vebCDSwA==",
			"dev": true,
			"requires": {
				"@babel/helper-get-function-arity": "^7.12.13",
				"@babel/template": "^7.12.13",
				"@babel/types": "^7.12.13"
			}
		},
		"@babel/helper-get-function-arity": {
			"version": "7.12.13",
			"resolved": "https://registry.npmjs.org/@babel/helper-get-function-arity/-/helper-get-function-arity-7.12.13.tgz",
			"integrity": "sha512-DjEVzQNz5LICkzN0REdpD5prGoidvbdYk1BVgRUOINaWJP2t6avB27X1guXK1kXNrX0WMfsrm1A/ZBthYuIMQg==",
			"dev": true,
			"requires": {
				"@babel/types": "^7.12.13"
			}
		},
		"@babel/helper-member-expression-to-functions": {
			"version": "7.13.12",
			"resolved": "https://registry.npmjs.org/@babel/helper-member-expression-to-functions/-/helper-member-expression-to-functions-7.13.12.tgz",
			"integrity": "sha512-48ql1CLL59aKbU94Y88Xgb2VFy7a95ykGRbJJaaVv+LX5U8wFpLfiGXJJGUozsmA1oEh/o5Bp60Voq7ACyA/Sw==",
			"dev": true,
			"requires": {
				"@babel/types": "^7.13.12"
			}
		},
		"@babel/helper-optimise-call-expression": {
			"version": "7.12.13",
			"resolved": "https://registry.npmjs.org/@babel/helper-optimise-call-expression/-/helper-optimise-call-expression-7.12.13.tgz",
			"integrity": "sha512-BdWQhoVJkp6nVjB7nkFWcn43dkprYauqtk++Py2eaf/GRDFm5BxRqEIZCiHlZUGAVmtwKcsVL1dC68WmzeFmiA==",
			"dev": true,
			"requires": {
				"@babel/types": "^7.12.13"
			}
		},
		"@babel/helper-plugin-utils": {
			"version": "7.13.0",
			"resolved": "https://registry.npmjs.org/@babel/helper-plugin-utils/-/helper-plugin-utils-7.13.0.tgz",
			"integrity": "sha512-ZPafIPSwzUlAoWT8DKs1W2VyF2gOWthGd5NGFMsBcMMol+ZhK+EQY/e6V96poa6PA/Bh+C9plWN0hXO1uB8AfQ==",
			"dev": true
		},
		"@babel/helper-replace-supers": {
			"version": "7.13.12",
			"resolved": "https://registry.npmjs.org/@babel/helper-replace-supers/-/helper-replace-supers-7.13.12.tgz",
			"integrity": "sha512-Gz1eiX+4yDO8mT+heB94aLVNCL+rbuT2xy4YfyNqu8F+OI6vMvJK891qGBTqL9Uc8wxEvRW92Id6G7sDen3fFw==",
			"dev": true,
			"requires": {
				"@babel/helper-member-expression-to-functions": "^7.13.12",
				"@babel/helper-optimise-call-expression": "^7.12.13",
				"@babel/traverse": "^7.13.0",
				"@babel/types": "^7.13.12"
			}
		},
		"@babel/helper-split-export-declaration": {
			"version": "7.12.13",
			"resolved": "https://registry.npmjs.org/@babel/helper-split-export-declaration/-/helper-split-export-declaration-7.12.13.tgz",
			"integrity": "sha512-tCJDltF83htUtXx5NLcaDqRmknv652ZWCHyoTETf1CXYJdPC7nohZohjUgieXhv0hTJdRf2FjDueFehdNucpzg==",
			"dev": true,
			"requires": {
				"@babel/types": "^7.12.13"
			}
		},
		"@babel/helper-validator-identifier": {
			"version": "7.12.11",
			"resolved": "https://registry.npmjs.org/@babel/helper-validator-identifier/-/helper-validator-identifier-7.12.11.tgz",
			"integrity": "sha512-np/lG3uARFybkoHokJUmf1QfEvRVCPbmQeUQpKow5cQ3xWrV9i3rUHodKDJPQfTVX61qKi+UdYk8kik84n7XOw==",
			"dev": true
		},
		"@babel/helper-validator-option": {
			"version": "7.12.17",
			"resolved": "https://registry.npmjs.org/@babel/helper-validator-option/-/helper-validator-option-7.12.17.tgz",
			"integrity": "sha512-TopkMDmLzq8ngChwRlyjR6raKD6gMSae4JdYDB8bByKreQgG0RBTuKe9LRxW3wFtUnjxOPRKBDwEH6Mg5KeDfw==",
			"dev": true
		},
		"@babel/highlight": {
			"version": "7.13.10",
			"resolved": "https://registry.npmjs.org/@babel/highlight/-/highlight-7.13.10.tgz",
			"integrity": "sha512-5aPpe5XQPzflQrFwL1/QoeHkP2MsA4JCntcXHRhEsdsfPVkvPi2w7Qix4iV7t5S/oC9OodGrggd8aco1g3SZFg==",
			"dev": true,
			"requires": {
				"@babel/helper-validator-identifier": "^7.12.11",
				"chalk": "^2.0.0",
				"js-tokens": "^4.0.0"
			},
			"dependencies": {
				"chalk": {
					"version": "2.4.2",
					"resolved": "https://registry.npmjs.org/chalk/-/chalk-2.4.2.tgz",
					"integrity": "sha512-Mti+f9lpJNcwF4tWV8/OrTTtF1gZi+f8FqlyAdouralcFWFQWF2+NgCHShjkCb+IFBLq9buZwE1xckQU4peSuQ==",
					"dev": true,
					"requires": {
						"ansi-styles": "^3.2.1",
						"escape-string-regexp": "^1.0.5",
						"supports-color": "^5.3.0"
					}
				}
			}
		},
		"@babel/parser": {
			"version": "7.13.16",
			"resolved": "https://registry.npmjs.org/@babel/parser/-/parser-7.13.16.tgz",
			"integrity": "sha512-6bAg36mCwuqLO0hbR+z7PHuqWiCeP7Dzg73OpQwsAB1Eb8HnGEz5xYBzCfbu+YjoaJsJs+qheDxVAuqbt3ILEw==",
			"dev": true
		},
		"@babel/plugin-proposal-class-properties": {
			"version": "7.13.0",
			"resolved": "https://registry.npmjs.org/@babel/plugin-proposal-class-properties/-/plugin-proposal-class-properties-7.13.0.tgz",
			"integrity": "sha512-KnTDjFNC1g+45ka0myZNvSBFLhNCLN+GeGYLDEA8Oq7MZ6yMgfLoIRh86GRT0FjtJhZw8JyUskP9uvj5pHM9Zg==",
			"dev": true,
			"requires": {
				"@babel/helper-create-class-features-plugin": "^7.13.0",
				"@babel/helper-plugin-utils": "^7.13.0"
			}
		},
		"@babel/plugin-proposal-decorators": {
			"version": "7.13.15",
			"resolved": "https://registry.npmjs.org/@babel/plugin-proposal-decorators/-/plugin-proposal-decorators-7.13.15.tgz",
			"integrity": "sha512-ibAMAqUm97yzi+LPgdr5Nqb9CMkeieGHvwPg1ywSGjZrZHQEGqE01HmOio8kxRpA/+VtOHouIVy2FMpBbtltjA==",
			"dev": true,
			"requires": {
				"@babel/helper-create-class-features-plugin": "^7.13.11",
				"@babel/helper-plugin-utils": "^7.13.0",
				"@babel/plugin-syntax-decorators": "^7.12.13"
			}
		},
		"@babel/plugin-syntax-decorators": {
			"version": "7.12.13",
			"resolved": "https://registry.npmjs.org/@babel/plugin-syntax-decorators/-/plugin-syntax-decorators-7.12.13.tgz",
			"integrity": "sha512-Rw6aIXGuqDLr6/LoBBYE57nKOzQpz/aDkKlMqEwH+Vp0MXbG6H/TfRjaY343LKxzAKAMXIHsQ8JzaZKuDZ9MwA==",
			"dev": true,
			"requires": {
				"@babel/helper-plugin-utils": "^7.12.13"
			}
		},
		"@babel/plugin-syntax-typescript": {
			"version": "7.12.13",
			"resolved": "https://registry.npmjs.org/@babel/plugin-syntax-typescript/-/plugin-syntax-typescript-7.12.13.tgz",
			"integrity": "sha512-cHP3u1JiUiG2LFDKbXnwVad81GvfyIOmCD6HIEId6ojrY0Drfy2q1jw7BwN7dE84+kTnBjLkXoL3IEy/3JPu2w==",
			"dev": true,
			"requires": {
				"@babel/helper-plugin-utils": "^7.12.13"
			}
		},
		"@babel/plugin-transform-typescript": {
			"version": "7.13.0",
			"resolved": "https://registry.npmjs.org/@babel/plugin-transform-typescript/-/plugin-transform-typescript-7.13.0.tgz",
			"integrity": "sha512-elQEwluzaU8R8dbVuW2Q2Y8Nznf7hnjM7+DSCd14Lo5fF63C9qNLbwZYbmZrtV9/ySpSUpkRpQXvJb6xyu4hCQ==",
			"dev": true,
			"requires": {
				"@babel/helper-create-class-features-plugin": "^7.13.0",
				"@babel/helper-plugin-utils": "^7.13.0",
				"@babel/plugin-syntax-typescript": "^7.12.13"
			}
		},
		"@babel/template": {
			"version": "7.12.13",
			"resolved": "https://registry.npmjs.org/@babel/template/-/template-7.12.13.tgz",
			"integrity": "sha512-/7xxiGA57xMo/P2GVvdEumr8ONhFOhfgq2ihK3h1e6THqzTAkHbkXgB0xI9yeTfIUoH3+oAeHhqm/I43OTbbjA==",
			"dev": true,
			"requires": {
				"@babel/code-frame": "^7.12.13",
				"@babel/parser": "^7.12.13",
				"@babel/types": "^7.12.13"
			},
			"dependencies": {
				"@babel/code-frame": {
					"version": "7.12.13",
					"resolved": "https://registry.npmjs.org/@babel/code-frame/-/code-frame-7.12.13.tgz",
					"integrity": "sha512-HV1Cm0Q3ZrpCR93tkWOYiuYIgLxZXZFVG2VgK+MBWjUqZTundupbfx2aXarXuw5Ko5aMcjtJgbSs4vUGBS5v6g==",
					"dev": true,
					"requires": {
						"@babel/highlight": "^7.12.13"
					}
				}
			}
		},
		"@babel/traverse": {
			"version": "7.13.17",
			"resolved": "https://registry.npmjs.org/@babel/traverse/-/traverse-7.13.17.tgz",
			"integrity": "sha512-BMnZn0R+X6ayqm3C3To7o1j7Q020gWdqdyP50KEoVqaCO2c/Im7sYZSmVgvefp8TTMQ+9CtwuBp0Z1CZ8V3Pvg==",
			"dev": true,
			"requires": {
				"@babel/code-frame": "^7.12.13",
				"@babel/generator": "^7.13.16",
				"@babel/helper-function-name": "^7.12.13",
				"@babel/helper-split-export-declaration": "^7.12.13",
				"@babel/parser": "^7.13.16",
				"@babel/types": "^7.13.17",
				"debug": "^4.1.0",
				"globals": "^11.1.0"
			},
			"dependencies": {
				"@babel/code-frame": {
					"version": "7.12.13",
					"resolved": "https://registry.npmjs.org/@babel/code-frame/-/code-frame-7.12.13.tgz",
					"integrity": "sha512-HV1Cm0Q3ZrpCR93tkWOYiuYIgLxZXZFVG2VgK+MBWjUqZTundupbfx2aXarXuw5Ko5aMcjtJgbSs4vUGBS5v6g==",
					"dev": true,
					"requires": {
						"@babel/highlight": "^7.12.13"
					}
				}
			}
		},
		"@babel/types": {
			"version": "7.13.17",
			"resolved": "https://registry.npmjs.org/@babel/types/-/types-7.13.17.tgz",
			"integrity": "sha512-RawydLgxbOPDlTLJNtoIypwdmAy//uQIzlKt2+iBiJaRlVuI6QLUxVAyWGNfOzp8Yu4L4lLIacoCyTNtpb4wiA==",
			"dev": true,
			"requires": {
				"@babel/helper-validator-identifier": "^7.12.11",
				"to-fast-properties": "^2.0.0"
			}
		},
		"@vue/component-compiler-utils": {
			"version": "3.2.0",
			"resolved": "https://npm.lyfter.nl/@vue%2fcomponent-compiler-utils/-/component-compiler-utils-3.2.0.tgz",
			"integrity": "sha512-lejBLa7xAMsfiZfNp7Kv51zOzifnb29FwdnMLa96z26kXErPFioSf9BMcePVIQ6/Gc6/mC0UrPpxAWIHyae0vw==",
			"dev": true,
			"requires": {
				"consolidate": "^0.15.1",
				"hash-sum": "^1.0.2",
				"lru-cache": "^4.1.2",
				"merge-source-map": "^1.1.0",
				"postcss": "^7.0.14",
				"postcss-selector-parser": "^6.0.2",
				"prettier": "^1.18.2",
				"source-map": "~0.6.1",
				"vue-template-es2015-compiler": "^1.9.0"
			},
			"dependencies": {
				"chalk": {
					"version": "2.4.2",
					"resolved": "https://npm.lyfter.nl/chalk/-/chalk-2.4.2.tgz",
					"integrity": "sha512-Mti+f9lpJNcwF4tWV8/OrTTtF1gZi+f8FqlyAdouralcFWFQWF2+NgCHShjkCb+IFBLq9buZwE1xckQU4peSuQ==",
					"dev": true,
					"requires": {
						"ansi-styles": "^3.2.1",
						"escape-string-regexp": "^1.0.5",
						"supports-color": "^5.3.0"
					},
					"dependencies": {
						"supports-color": {
							"version": "5.5.0",
							"resolved": "https://npm.lyfter.nl/supports-color/-/supports-color-5.5.0.tgz",
							"integrity": "sha512-QjVjwdXIt408MIiAqCX4oUKsgU2EqAGzs2Ppkm4aQYbjm+ZEWEcW4SfFNTr4uMNZma0ey4f5lgLrkB0aX0QMow==",
							"dev": true,
							"requires": {
								"has-flag": "^3.0.0"
							}
						}
					}
				},
				"lru-cache": {
					"version": "4.1.5",
					"resolved": "https://registry.npmjs.org/lru-cache/-/lru-cache-4.1.5.tgz",
					"integrity": "sha512-sWZlbEP2OsHNkXrMl5GYk/jKk70MBng6UU4YI/qGDYbgf6YbP4EvmqISbXCoJiRKs+1bSpFHVgQxvJ17F2li5g==",
					"dev": true,
					"requires": {
						"pseudomap": "^1.0.2",
						"yallist": "^2.1.2"
					}
				},
				"postcss": {
					"version": "7.0.35",
					"resolved": "https://npm.lyfter.nl/postcss/-/postcss-7.0.35.tgz",
					"integrity": "sha512-3QT8bBJeX/S5zKTTjTCIjRF3If4avAT6kqxcASlTWEtAFCb9NH0OUxNDfgZSWdP5fJnBYCMEWkIFfWeugjzYMg==",
					"dev": true,
					"requires": {
						"chalk": "^2.4.2",
						"source-map": "^0.6.1",
						"supports-color": "^6.1.0"
					}
				},
				"prettier": {
					"version": "1.19.1",
					"resolved": "https://npm.lyfter.nl/prettier/-/prettier-1.19.1.tgz",
					"integrity": "sha512-s7PoyDv/II1ObgQunCbB9PdLmUcBZcnWOcxDh7O0N/UwDEsHyqkW+Qh28jW+mVuCdx7gLB0BotYI1Y6uI9iyew==",
					"dev": true,
					"optional": true
				},
				"source-map": {
					"version": "0.6.1",
					"resolved": "https://registry.npmjs.org/source-map/-/source-map-0.6.1.tgz",
					"integrity": "sha512-UjgapumWlbMhkBgzT7Ykc5YXUT46F0iKu8SGXq0bcwP5dz/h0Plj6enJqjz1Zbq2l5WaqYnrVbwWOWMyF3F47g==",
					"dev": true
				},
				"supports-color": {
					"version": "6.1.0",
					"resolved": "https://registry.npmjs.org/supports-color/-/supports-color-6.1.0.tgz",
					"integrity": "sha512-qe1jfm1Mg7Nq/NSh6XE24gPXROEVsWHxC1LIx//XNlD9iw7YZQGjZNjYN7xGaEG6iKdA8EtNFW6R0gjnVXp+wQ==",
					"dev": true,
					"requires": {
						"has-flag": "^3.0.0"
					}
				},
				"yallist": {
					"version": "2.1.2",
					"resolved": "https://registry.npmjs.org/yallist/-/yallist-2.1.2.tgz",
					"integrity": "sha1-HBH5IY8HYImkfdUS+TxmmaaoHVI=",
					"dev": true
				}
			}
		},
		"ansi-styles": {
			"version": "3.2.1",
			"resolved": "https://npm.lyfter.nl/ansi-styles/-/ansi-styles-3.2.1.tgz",
			"integrity": "sha512-VT0ZI6kZRdTh8YyJw3SMbYm/u+NqfsAxEpWO0Pf9sq8/e94WxxOpPKx9FR1FlyCtOVDNOQ+8ntlqFxiRc+r5qA==",
			"dev": true,
			"requires": {
				"color-convert": "^1.9.0"
			}
		},
		"babel-preset-typescript-vue": {
			"version": "1.1.1",
			"resolved": "https://registry.npmjs.org/babel-preset-typescript-vue/-/babel-preset-typescript-vue-1.1.1.tgz",
			"integrity": "sha512-wXeR7Y4xCsRUEdm4t4qlpv4wnxolS6jU0c7P2E6zJRWeG1sR0e6NL7DRN0tNuUwkUt0PU8bqVo4vzoA2VEuxnw==",
			"dev": true,
			"requires": {
				"@babel/helper-plugin-utils": "^7.0.0",
				"@babel/plugin-transform-typescript": "^7.3.2",
				"@babel/preset-typescript": "^7.3.3",
				"vue-template-compiler": "^2.6.11"
			},
			"dependencies": {
				"@babel/preset-typescript": {
					"version": "7.13.0",
					"resolved": "https://registry.npmjs.org/@babel/preset-typescript/-/preset-typescript-7.13.0.tgz",
					"integrity": "sha512-LXJwxrHy0N3f6gIJlYbLta1D9BDtHpQeqwzM0LIfjDlr6UE/D5Mc7W4iDiQzaE+ks0sTjT26ArcHWnJVt0QiHw==",
					"dev": true,
					"requires": {
						"@babel/helper-plugin-utils": "^7.13.0",
						"@babel/helper-validator-option": "^7.12.17",
						"@babel/plugin-transform-typescript": "^7.13.0"
					}
				}
			}
		},
		"big.js": {
			"version": "5.2.2",
			"resolved": "https://npm.lyfter.nl/big.js/-/big.js-5.2.2.tgz",
			"integrity": "sha512-vyL2OymJxmarO8gxMr0mhChsO9QGwhynfuu4+MHTAW6czfq9humCB7rKpUjDd9YUiDPU4mzpyupFSvOClAwbmQ==",
			"dev": true
		},
		"bluebird": {
			"version": "3.7.2",
			"resolved": "https://npm.lyfter.nl/bluebird/-/bluebird-3.7.2.tgz",
			"integrity": "sha512-XpNj6GDQzdfW+r2Wnn7xiSAd7TM3jzkxGXBGTtWKuSXv1xUV+azxAm8jdWZN06QTQk+2N2XB9jRDkvbmQmcRtg==",
			"dev": true
		},
		"braces": {
			"version": "3.0.2",
			"resolved": "https://registry.npmjs.org/braces/-/braces-3.0.2.tgz",
			"integrity": "sha512-b8um+L1RzM3WDSzvhm6gIz1yfTbBt6YTlcEKAvsmqCZZFw46z626lVj9j1yEPW33H5H+lBQpZMP1k8l+78Ha0A==",
			"dev": true,
			"requires": {
				"fill-range": "^7.0.1"
			}
		},
		"color-convert": {
			"version": "1.9.3",
			"resolved": "https://npm.lyfter.nl/color-convert/-/color-convert-1.9.3.tgz",
			"integrity": "sha512-QfAUtd+vFdAtFQcC8CCyYt1fYWxSqAiK2cSD6zDB8N3cpsEBAvRxp9zOGg6G/SHHJYAT88/az/IuDGALsNVbGg==",
			"dev": true,
			"requires": {
				"color-name": "1.1.3"
			}
		},
		"color-name": {
			"version": "1.1.3",
			"resolved": "https://npm.lyfter.nl/color-name/-/color-name-1.1.3.tgz",
			"integrity": "sha1-p9BVi9icQveV3UIyj3QIMcpTvCU=",
			"dev": true
		},
		"consolidate": {
			"version": "0.15.1",
			"resolved": "https://npm.lyfter.nl/consolidate/-/consolidate-0.15.1.tgz",
			"integrity": "sha512-DW46nrsMJgy9kqAbPt5rKaCr7uFtpo4mSUvLHIUbJEjm0vo+aY5QLwBUq3FK4tRnJr/X0Psc0C4jf/h+HtXSMw==",
			"dev": true,
			"requires": {
				"bluebird": "^3.1.1"
			}
		},
		"cssesc": {
			"version": "3.0.0",
			"resolved": "https://npm.lyfter.nl/cssesc/-/cssesc-3.0.0.tgz",
			"integrity": "sha512-/Tb/JcjK111nNScGob5MNtsntNM1aCNUDipB/TkwZFhyDrrE47SOx/18wF2bbjgc3ZzCSKW1T5nt5EbFoAz/Vg==",
			"dev": true
		},
		"de-indent": {
			"version": "1.0.2",
			"resolved": "https://registry.npmjs.org/de-indent/-/de-indent-1.0.2.tgz",
			"integrity": "sha1-sgOOhG3DO6pXlhKNCAS0VbjB4h0=",
			"dev": true
		},
		"debug": {
			"version": "4.3.1",
			"resolved": "https://registry.npmjs.org/debug/-/debug-4.3.1.tgz",
			"integrity": "sha512-doEwdvm4PCeK4K3RQN2ZC2BYUBaxwLARCqZmMjtF8a51J2Rb0xpVloFRnCODwqjpwnAoao4pelN8l3RJdv3gRQ==",
			"dev": true,
			"requires": {
				"ms": "2.1.2"
			}
		},
		"emojis-list": {
			"version": "3.0.0",
			"resolved": "https://npm.lyfter.nl/emojis-list/-/emojis-list-3.0.0.tgz",
			"integrity": "sha512-/kyM18EfinwXZbno9FyUGeFh87KC8HRQBQGildHZbEuRyWFOmv1U10o9BBp8XVZDVNNuQKyIGIu5ZYAAXJ0V2Q==",
			"dev": true
		},
		"enhanced-resolve": {
			"version": "5.8.0",
			"resolved": "https://registry.npmjs.org/enhanced-resolve/-/enhanced-resolve-5.8.0.tgz",
			"integrity": "sha512-Sl3KRpJA8OpprrtaIswVki3cWPiPKxXuFxJXBp+zNb6s6VwNWwFRUdtmzd2ReUut8n+sCPx7QCtQ7w5wfJhSgQ==",
			"dev": true,
			"requires": {
				"graceful-fs": "^4.2.4",
				"tapable": "^2.2.0"
			}
		},
		"escape-string-regexp": {
			"version": "1.0.5",
			"resolved": "https://npm.lyfter.nl/escape-string-regexp/-/escape-string-regexp-1.0.5.tgz",
			"integrity": "sha1-G2HAViGQqN/2rjuyzwIAyhMLhtQ=",
			"dev": true
		},
		"fill-range": {
			"version": "7.0.1",
			"resolved": "https://registry.npmjs.org/fill-range/-/fill-range-7.0.1.tgz",
			"integrity": "sha512-qOo9F+dMUmC2Lcb4BbVvnKJxTPjCm+RRpe4gDuGrzkL7mEVl/djYSu2OdQ2Pa302N4oqkSg9ir6jaLWJ2USVpQ==",
			"dev": true,
			"requires": {
				"to-regex-range": "^5.0.1"
			}
		},
		"globals": {
			"version": "11.12.0",
			"resolved": "https://registry.npmjs.org/globals/-/globals-11.12.0.tgz",
			"integrity": "sha512-WOBp/EEGUiIsJSp7wcv/y6MO+lV9UoncWqxuFfm8eBwzWNgyfBd6Gz+IeKQ9jCmyhoH99g15M3T+QaVHFjizVA==",
			"dev": true
		},
		"graceful-fs": {
			"version": "4.2.6",
			"resolved": "https://registry.npmjs.org/graceful-fs/-/graceful-fs-4.2.6.tgz",
			"integrity": "sha512-nTnJ528pbqxYanhpDYsi4Rd8MAeaBA67+RZ10CM1m3bTAVFEDcd5AuA4a6W5YkGZ1iNXHzZz8T6TBKLeBuNriQ==",
			"dev": true
		},
		"has-flag": {
			"version": "3.0.0",
			"resolved": "https://npm.lyfter.nl/has-flag/-/has-flag-3.0.0.tgz",
			"integrity": "sha1-tdRU3CGZriJWmfNGfloH87lVuv0=",
			"dev": true
		},
		"hash-sum": {
			"version": "1.0.2",
			"resolved": "https://npm.lyfter.nl/hash-sum/-/hash-sum-1.0.2.tgz",
			"integrity": "sha1-M7QHd3VMZDJXPBIMw4CLvRDUfwQ=",
			"dev": true
		},
		"he": {
			"version": "1.2.0",
			"resolved": "https://registry.npmjs.org/he/-/he-1.2.0.tgz",
			"integrity": "sha512-F/1DnUGPopORZi0ni+CvrCgHQ5FyEAHRLSApuYWMmrbSwoN2Mn/7k+Gl38gJnR7yyDZk6WLXwiGod1JOWNDKGw==",
			"dev": true
		},
		"is-number": {
			"version": "7.0.0",
			"resolved": "https://registry.npmjs.org/is-number/-/is-number-7.0.0.tgz",
			"integrity": "sha512-41Cifkg6e8TylSpdtTpeLVMqvSBEVzTttHvERD741+pnZ8ANv0004MRL43QKPDlK9cGvNp6NZWZUBlbGXYxxng==",
			"dev": true
		},
		"js-tokens": {
			"version": "4.0.0",
			"resolved": "https://registry.npmjs.org/js-tokens/-/js-tokens-4.0.0.tgz",
			"integrity": "sha512-RdJUflcE3cUzKiMqQgsCu06FPu9UdIJO0beYbPhHN4k6apgJtifcoCtT9bcxOpYBtpD2kCM6Sbzg4CausW/PKQ==",
			"dev": true
		},
		"jsesc": {
			"version": "2.5.2",
			"resolved": "https://registry.npmjs.org/jsesc/-/jsesc-2.5.2.tgz",
			"integrity": "sha512-OYu7XEzjkCQ3C5Ps3QIZsQfNpqoJyZZA99wd9aWd05NCtC5pWOkShK2mkL6HXQR6/Cy2lbNdPlZBpuQHXE63gA==",
			"dev": true
		},
		"json5": {
			"version": "1.0.1",
			"resolved": "https://npm.lyfter.nl/json5/-/json5-1.0.1.tgz",
			"integrity": "sha512-aKS4WQjPenRxiQsC93MNfjx+nbF4PAdYzmd/1JIj8HYzqfbu86beTuNgXDzPknWk0n0uARlyewZo4s++ES36Ow==",
			"dev": true,
			"requires": {
				"minimist": "^1.2.0"
			}
		},
		"loader-utils": {
			"version": "1.4.0",
			"resolved": "https://npm.lyfter.nl/loader-utils/-/loader-utils-1.4.0.tgz",
			"integrity": "sha512-qH0WSMBtn/oHuwjy/NucEgbx5dbxxnxup9s4PVXJUDHZBQY+s0NWA9rJf53RBnQZxfch7euUui7hpoAPvALZdA==",
			"dev": true,
			"requires": {
				"big.js": "^5.2.2",
				"emojis-list": "^3.0.0",
				"json5": "^1.0.1"
			}
		},
		"lru-cache": {
			"version": "6.0.0",
			"resolved": "https://registry.npmjs.org/lru-cache/-/lru-cache-6.0.0.tgz",
			"integrity": "sha512-Jo6dJ04CmSjuznwJSS3pUeWmd/H0ffTlkXXgwZi+eq1UCmqQwCh+eLsYOYCwY991i2Fah4h1BEMCx4qThGbsiA==",
			"dev": true,
			"requires": {
				"yallist": "^4.0.0"
			}
		},
		"merge-source-map": {
			"version": "1.1.0",
			"resolved": "https://npm.lyfter.nl/merge-source-map/-/merge-source-map-1.1.0.tgz",
			"integrity": "sha512-Qkcp7P2ygktpMPh2mCQZaf3jhN6D3Z/qVZHSdWvQ+2Ef5HgRAPBO57A77+ENm0CPx2+1Ce/MYKi3ymqdfuqibw==",
			"dev": true,
			"requires": {
				"source-map": "^0.6.1"
			},
			"dependencies": {
				"source-map": {
					"version": "0.6.1",
					"resolved": "https://registry.npmjs.org/source-map/-/source-map-0.6.1.tgz",
					"integrity": "sha512-UjgapumWlbMhkBgzT7Ykc5YXUT46F0iKu8SGXq0bcwP5dz/h0Plj6enJqjz1Zbq2l5WaqYnrVbwWOWMyF3F47g==",
					"dev": true
				}
			}
		},
		"micromatch": {
			"version": "4.0.4",
			"resolved": "https://registry.npmjs.org/micromatch/-/micromatch-4.0.4.tgz",
			"integrity": "sha512-pRmzw/XUcwXGpD9aI9q/0XOwLNygjETJ8y0ao0wdqprrzDa4YnxLcz7fQRZr8voh8V10kGhABbNcHVk5wHgWwg==",
			"dev": true,
			"requires": {
				"braces": "^3.0.1",
				"picomatch": "^2.2.3"
			}
		},
		"minimist": {
			"version": "1.2.5",
			"resolved": "https://npm.lyfter.nl/minimist/-/minimist-1.2.5.tgz",
			"integrity": "sha512-FM9nNUYrRBAELZQT3xeZQ7fmMOBg6nWNmJKTcgsJeaLstP/UODVpGsr5OhXhhXg6f+qtJ8uiZ+PUxkDWcgIXLw==",
			"dev": true
		},
		"ms": {
			"version": "2.1.2",
			"resolved": "https://registry.npmjs.org/ms/-/ms-2.1.2.tgz",
			"integrity": "sha512-sGkPx+VjMtmA6MX27oA4FBFELFCZZ4S4XqeGOXCv68tT+jb3vk/RyaKWP0PTKyWtmLSM0b+adUTEvbs1PEaH2w==",
			"dev": true
		},
		"picomatch": {
			"version": "2.2.3",
			"resolved": "https://registry.npmjs.org/picomatch/-/picomatch-2.2.3.tgz",
			"integrity": "sha512-KpELjfwcCDUb9PeigTs2mBJzXUPzAuP2oPcA989He8Rte0+YUAjw1JVedDhuTKPkHjSYzMN3npC9luThGYEKdg==",
			"dev": true
		},
		"postcss-selector-parser": {
			"version": "6.0.5",
			"resolved": "https://npm.lyfter.nl/postcss-selector-parser/-/postcss-selector-parser-6.0.5.tgz",
			"integrity": "sha512-aFYPoYmXbZ1V6HZaSvat08M97A8HqO6Pjz+PiNpw/DhuRrC72XWAdp3hL6wusDCN31sSmcZyMGa2hZEuX+Xfhg==",
			"dev": true,
			"requires": {
				"cssesc": "^3.0.0",
				"util-deprecate": "^1.0.2"
			}
		},
		"pseudomap": {
			"version": "1.0.2",
			"resolved": "https://npm.lyfter.nl/pseudomap/-/pseudomap-1.0.2.tgz",
			"integrity": "sha1-8FKijacOYYkX7wqKw0wa5aaChrM=",
			"dev": true
		},
		"semver": {
			"version": "7.3.5",
			"resolved": "https://registry.npmjs.org/semver/-/semver-7.3.5.tgz",
			"integrity": "sha512-PoeGJYh8HK4BTO/a9Tf6ZG3veo/A7ZVsYrSA6J8ny9nb3B1VrpkuN+z9OE5wfE5p6H4LchYZsegiQgbJD94ZFQ==",
			"dev": true,
			"requires": {
				"lru-cache": "^6.0.0"
			}
		},
		"source-map": {
			"version": "0.5.7",
			"resolved": "https://registry.npmjs.org/source-map/-/source-map-0.5.7.tgz",
			"integrity": "sha1-igOdLRAh0i0eoUyA2OpGi6LvP8w=",
			"dev": true
		},
		"supports-color": {
			"version": "5.5.0",
			"resolved": "https://registry.npmjs.org/supports-color/-/supports-color-5.5.0.tgz",
			"integrity": "sha512-QjVjwdXIt408MIiAqCX4oUKsgU2EqAGzs2Ppkm4aQYbjm+ZEWEcW4SfFNTr4uMNZma0ey4f5lgLrkB0aX0QMow==",
			"dev": true,
			"requires": {
				"has-flag": "^3.0.0"
			}
		},
		"tapable": {
			"version": "2.2.0",
			"resolved": "https://registry.npmjs.org/tapable/-/tapable-2.2.0.tgz",
			"integrity": "sha512-FBk4IesMV1rBxX2tfiK8RAmogtWn53puLOQlvO8XuwlgxcYbP4mVPS9Ph4aeamSyyVjOl24aYWAuc8U5kCVwMw==",
			"dev": true
		},
		"to-fast-properties": {
			"version": "2.0.0",
			"resolved": "https://registry.npmjs.org/to-fast-properties/-/to-fast-properties-2.0.0.tgz",
			"integrity": "sha1-3F5pjL0HkmW8c+A3doGk5Og/YW4=",
			"dev": true
		},
		"to-regex-range": {
			"version": "5.0.1",
			"resolved": "https://registry.npmjs.org/to-regex-range/-/to-regex-range-5.0.1.tgz",
			"integrity": "sha512-65P7iz6X5yEr1cwcgvQxbbIw7Uk3gOy5dIdtZ4rDveLqhrdJP+Li/Hx6tyK0NEb+2GCyneCMJiGqrADCSNk8sQ==",
			"dev": true,
			"requires": {
				"is-number": "^7.0.0"
			}
		},
		"ts-loader": {
			"version": "9.1.1",
			"resolved": "https://registry.npmjs.org/ts-loader/-/ts-loader-9.1.1.tgz",
			"integrity": "sha512-u91MdIE4rtN/06Q881uUzVeMoYy+CdFXoanCQXVGRubKKxgLjqQ/H9nkDbp6klkiPv3t18KLjZbEofkJodM3ow==",
			"dev": true,
			"requires": {
				"chalk": "^4.1.0",
				"enhanced-resolve": "^5.0.0",
				"micromatch": "^4.0.0",
				"semver": "^7.3.4"
			},
			"dependencies": {
				"ansi-styles": {
					"version": "4.3.0",
					"resolved": "https://registry.npmjs.org/ansi-styles/-/ansi-styles-4.3.0.tgz",
					"integrity": "sha512-zbB9rCJAT1rbjiVDb2hqKFHNYLxgtk8NURxZ3IZwD3F6NtxbXZQCnnSi1Lkx+IDohdPlFp222wVALIheZJQSEg==",
					"dev": true,
					"requires": {
						"color-convert": "^2.0.1"
					}
				},
				"chalk": {
					"version": "4.1.1",
					"resolved": "https://registry.npmjs.org/chalk/-/chalk-4.1.1.tgz",
					"integrity": "sha512-diHzdDKxcU+bAsUboHLPEDQiw0qEe0qd7SYUn3HgcFlWgbDcfLGswOHYeGrHKzG9z6UYf01d9VFMfZxPM1xZSg==",
					"dev": true,
					"requires": {
						"ansi-styles": "^4.1.0",
						"supports-color": "^7.1.0"
					}
				},
				"color-convert": {
					"version": "2.0.1",
					"resolved": "https://registry.npmjs.org/color-convert/-/color-convert-2.0.1.tgz",
					"integrity": "sha512-RRECPsj7iu/xb5oKYcsFHSppFNnsj/52OVTRKb4zP5onXwVF3zVmmToNcOfGC+CRDpfK/U584fMg38ZHCaElKQ==",
					"dev": true,
					"requires": {
						"color-name": "~1.1.4"
					}
				},
				"color-name": {
					"version": "1.1.4",
					"resolved": "https://registry.npmjs.org/color-name/-/color-name-1.1.4.tgz",
					"integrity": "sha512-dOy+3AuW3a2wNbZHIuMZpTcgjGuLU/uBL/ubcZF9OXbDo8ff4O8yVp5Bf0efS8uEoYo5q4Fx7dY9OgQGXgAsQA==",
					"dev": true
				},
				"has-flag": {
					"version": "4.0.0",
					"resolved": "https://registry.npmjs.org/has-flag/-/has-flag-4.0.0.tgz",
					"integrity": "sha512-EykJT/Q1KjTWctppgIAgfSO0tKVuZUjhgMr17kqTumMl6Afv3EISleU7qZUzoXDFTAHTDC4NOoG/ZxU3EvlMPQ==",
					"dev": true
				},
				"supports-color": {
					"version": "7.2.0",
					"resolved": "https://registry.npmjs.org/supports-color/-/supports-color-7.2.0.tgz",
					"integrity": "sha512-qpCAvRl9stuOHveKsn7HncJRvv501qIacKzQlO/+Lwxc9+0q2wLyv4Dfvt80/DPn2pqOBsJdDiogXGR9+OvwRw==",
					"dev": true,
					"requires": {
						"has-flag": "^4.0.0"
					}
				}
			}
		},
		"util-deprecate": {
			"version": "1.0.2",
			"resolved": "https://npm.lyfter.nl/util-deprecate/-/util-deprecate-1.0.2.tgz",
			"integrity": "sha1-RQ1Nyfpw3nMnYvvS1KKJgUGaDM8=",
			"dev": true
		},
		"vue": {
			"version": "2.6.12",
			"resolved": "https://registry.npmjs.org/vue/-/vue-2.6.12.tgz",
			"integrity": "sha512-uhmLFETqPPNyuLLbsKz6ioJ4q7AZHzD8ZVFNATNyICSZouqP2Sz0rotWQC8UNBF6VGSCs5abnKJoStA6JbCbfg==",
			"dev": true
		},
		"vue-class-component": {
			"version": "7.2.6",
			"resolved": "https://registry.npmjs.org/vue-class-component/-/vue-class-component-7.2.6.tgz",
			"integrity": "sha512-+eaQXVrAm/LldalI272PpDe3+i4mPis0ORiMYxF6Ae4hyuCh15W8Idet7wPUEs4N4YptgFHGys4UrgNQOMyO6w==",
			"dev": true
		},
		"vue-hot-reload-api": {
			"version": "2.3.4",
			"resolved": "https://npm.lyfter.nl/vue-hot-reload-api/-/vue-hot-reload-api-2.3.4.tgz",
			"integrity": "sha512-BXq3jwIagosjgNVae6tkHzzIk6a8MHFtzAdwhnV5VlvPTFxDCvIttgSiHWjdGoTJvXtmRu5HacExfdarRcFhog==",
			"dev": true
		},
		"vue-loader": {
			"version": "15.9.6",
			"resolved": "https://registry.npmjs.org/vue-loader/-/vue-loader-15.9.6.tgz",
			"integrity": "sha512-j0cqiLzwbeImIC6nVIby2o/ABAWhlppyL/m5oJ67R5MloP0hj/DtFgb0Zmq3J9CG7AJ+AXIvHVnJAPBvrLyuDg==",
			"dev": true,
			"requires": {
				"@vue/component-compiler-utils": "^3.1.0",
				"hash-sum": "^1.0.2",
				"loader-utils": "^1.1.0",
				"vue-hot-reload-api": "^2.3.0",
				"vue-style-loader": "^4.1.0"
			}
		},
		"vue-style-loader": {
			"version": "4.1.3",
			"resolved": "https://npm.lyfter.nl/vue-style-loader/-/vue-style-loader-4.1.3.tgz",
			"integrity": "sha512-sFuh0xfbtpRlKfm39ss/ikqs9AbKCoXZBpHeVZ8Tx650o0k0q/YCM7FRvigtxpACezfq6af+a7JeqVTWvncqDg==",
			"dev": true,
			"requires": {
				"hash-sum": "^1.0.2",
				"loader-utils": "^1.0.2"
			}
		},
		"vue-template-compiler": {
			"version": "2.6.12",
			"resolved": "https://registry.npmjs.org/vue-template-compiler/-/vue-template-compiler-2.6.12.tgz",
			"integrity": "sha512-OzzZ52zS41YUbkCBfdXShQTe69j1gQDZ9HIX8miuC9C3rBCk9wIRjLiZZLrmX9V+Ftq/YEyv1JaVr5Y/hNtByg==",
			"dev": true,
			"requires": {
				"de-indent": "^1.0.2",
				"he": "^1.1.0"
			}
		},
		"vue-template-es2015-compiler": {
			"version": "1.9.1",
			"resolved": "https://npm.lyfter.nl/vue-template-es2015-compiler/-/vue-template-es2015-compiler-1.9.1.tgz",
			"integrity": "sha512-4gDntzrifFnCEvyoO8PqyJDmguXgVPxKiIxrBKjIowvL9l+N66196+72XVYR8BBf1Uv1Fgt3bGevJ+sEmxfZzw==",
			"dev": true
		},
		"yallist": {
			"version": "4.0.0",
			"resolved": "https://registry.npmjs.org/yallist/-/yallist-4.0.0.tgz",
			"integrity": "sha512-3wdGidZyq5PB084XLES5TpOSRA3wjXAlIWMhum2kRcv/41Sn2emQ0dycQW4uZXLejwKvg6EsvbdlVL+FYEct7A==",
			"dev": true
		}
	}
}
